// !$*UTF8*$!
{
	archiveVersion = 1;
	classes = {
	};
	objectVersion = 50;
	objects = {

/* Begin PBXBuildFile section */
		2703A2E920EF090600C8B1FF /* main.cpp in Sources */ = {isa = PBXBuildFile; fileRef = 2703A2E820EF090600C8B1FF /* main.cpp */; };
		2703A2F120EF092B00C8B1FF /* Robot.cpp in Sources */ = {isa = PBXBuildFile; fileRef = 2703A2EF20EF092B00C8B1FF /* Robot.cpp */; };
		2703A2F420EF094500C8B1FF /* Player.cpp in Sources */ = {isa = PBXBuildFile; fileRef = 2703A2F220EF094500C8B1FF /* Player.cpp */; };
		2703A2F720EF096B00C8B1FF /* Past.cpp in Sources */ = {isa = PBXBuildFile; fileRef = 2703A2F520EF096B00C8B1FF /* Past.cpp */; };
		2703A2FA20EF097B00C8B1FF /* Arena.cpp in Sources */ = {isa = PBXBuildFile; fileRef = 2703A2F820EF097A00C8B1FF /* Arena.cpp */; };
		2703A2FD20EF099100C8B1FF /* Game.cpp in Sources */ = {isa = PBXBuildFile; fileRef = 2703A2FB20EF099100C8B1FF /* Game.cpp */; };
		2703A30020EF09B300C8B1FF /* utilities.cpp in Sources */ = {isa = PBXBuildFile; fileRef = 2703A2FE20EF09B300C8B1FF /* utilities.cpp */; };
/* End PBXBuildFile section */

/* Begin PBXCopyFilesBuildPhase section */
		2703A2E320EF090600C8B1FF /* CopyFiles */ = {
			isa = PBXCopyFilesBuildPhase;
			buildActionMask = 2147483647;
			dstPath = /usr/share/man/man1/;
			dstSubfolderSpec = 0;
			files = (
			);
			runOnlyForDeploymentPostprocessing = 1;
		};
/* End PBXCopyFilesBuildPhase section */

/* Begin PBXFileReference section */
		2703A2E520EF090600C8B1FF /* Project1_32 */ = {isa = PBXFileReference; explicitFileType = "compiled.mach-o.executable"; includeInIndex = 0; path = Project1_32; sourceTree = BUILT_PRODUCTS_DIR; };
		2703A2E820EF090600C8B1FF /* main.cpp */ = {isa = PBXFileReference; lastKnownFileType = sourcecode.cpp.cpp; path = main.cpp; sourceTree = "<group>"; };
		2703A2EF20EF092B00C8B1FF /* Robot.cpp */ = {isa = PBXFileReference; lastKnownFileType = sourcecode.cpp.cpp; path = Robot.cpp; sourceTree = "<group>"; };
		2703A2F020EF092B00C8B1FF /* Robot.h */ = {isa = PBXFileReference; lastKnownFileType = sourcecode.c.h; path = Robot.h; sourceTree = "<group>"; };
		2703A2F220EF094500C8B1FF /* Player.cpp */ = {isa = PBXFileReference; lastKnownFileType = sourcecode.cpp.cpp; path = Player.cpp; sourceTree = "<group>"; };
		2703A2F320EF094500C8B1FF /* Player.h */ = {isa = PBXFileReference; lastKnownFileType = sourcecode.c.h; path = Player.h; sourceTree = "<group>"; };
		2703A2F520EF096B00C8B1FF /* Past.cpp */ = {isa = PBXFileReference; lastKnownFileType = sourcecode.cpp.cpp; path = Past.cpp; sourceTree = "<group>"; };
		2703A2F620EF096B00C8B1FF /* Past.h */ = {isa = PBXFileReference; lastKnownFileType = sourcecode.c.h; path = Past.h; sourceTree = "<group>"; };
		2703A2F820EF097A00C8B1FF /* Arena.cpp */ = {isa = PBXFileReference; lastKnownFileType = sourcecode.cpp.cpp; path = Arena.cpp; sourceTree = "<group>"; };
		2703A2F920EF097B00C8B1FF /* Arena.h */ = {isa = PBXFileReference; lastKnownFileType = sourcecode.c.h; path = Arena.h; sourceTree = "<group>"; };
		2703A2FB20EF099100C8B1FF /* Game.cpp */ = {isa = PBXFileReference; lastKnownFileType = sourcecode.cpp.cpp; path = Game.cpp; sourceTree = "<group>"; };
		2703A2FC20EF099100C8B1FF /* Game.h */ = {isa = PBXFileReference; lastKnownFileType = sourcecode.c.h; path = Game.h; sourceTree = "<group>"; };
		2703A2FE20EF09B300C8B1FF /* utilities.cpp */ = {isa = PBXFileReference; lastKnownFileType = sourcecode.cpp.cpp; path = utilities.cpp; sourceTree = "<group>"; };
		2703A2FF20EF09B300C8B1FF /* globals.h */ = {isa = PBXFileReference; lastKnownFileType = sourcecode.c.h; path = globals.h; sourceTree = "<group>"; };
/* End PBXFileReference section */

/* Begin PBXFrameworksBuildPhase section */
		2703A2E220EF090600C8B1FF /* Frameworks */ = {
			isa = PBXFrameworksBuildPhase;
			buildActionMask = 2147483647;
			files = (
			);
			runOnlyForDeploymentPostprocessing = 0;
		};
/* End PBXFrameworksBuildPhase section */

/* Begin PBXGroup section */
		2703A2DC20EF090600C8B1FF = {
			isa = PBXGroup;
			children = (
				2703A2E720EF090600C8B1FF /* Project1_32 */,
				2703A2E620EF090600C8B1FF /* Products */,
			);
			sourceTree = "<group>";
		};
		2703A2E620EF090600C8B1FF /* Products */ = {
			isa = PBXGroup;
			children = (
				2703A2E520EF090600C8B1FF /* Project1_32 */,
			);
			name = Products;
			sourceTree = "<group>";
		};
		2703A2E720EF090600C8B1FF /* Project1_32 */ = {
			isa = PBXGroup;
			children = (
				2703A2E820EF090600C8B1FF /* main.cpp */,
				2703A2EF20EF092B00C8B1FF /* Robot.cpp */,
				2703A2F020EF092B00C8B1FF /* Robot.h */,
				2703A2F220EF094500C8B1FF /* Player.cpp */,
				2703A2F320EF094500C8B1FF /* Player.h */,
				2703A2F520EF096B00C8B1FF /* Past.cpp */,
				2703A2F620EF096B00C8B1FF /* Past.h */,
				2703A2F820EF097A00C8B1FF /* Arena.cpp */,
				2703A2F920EF097B00C8B1FF /* Arena.h */,
				2703A2FB20EF099100C8B1FF /* Game.cpp */,
				2703A2FC20EF099100C8B1FF /* Game.h */,
				2703A2FE20EF09B300C8B1FF /* utilities.cpp */,
				2703A2FF20EF09B300C8B1FF /* globals.h */,
			);
			path = Project1_32;
			sourceTree = "<group>";
		};
/* End PBXGroup section */

/* Begin PBXNativeTarget section */
		2703A2E420EF090600C8B1FF /* Project1_32 */ = {
			isa = PBXNativeTarget;
			buildConfigurationList = 2703A2EC20EF090600C8B1FF /* Build configuration list for PBXNativeTarget "Project1_32" */;
			buildPhases = (
				2703A2E120EF090600C8B1FF /* Sources */,
				2703A2E220EF090600C8B1FF /* Frameworks */,
				2703A2E320EF090600C8B1FF /* CopyFiles */,
			);
			buildRules = (
			);
			dependencies = (
			);
			name = Project1_32;
			productName = Project1_32;
			productReference = 2703A2E520EF090600C8B1FF /* Project1_32 */;
			productType = "com.apple.product-type.tool";
		};
/* End PBXNativeTarget section */

/* Begin PBXProject section */
		2703A2DD20EF090600C8B1FF /* Project object */ = {
			isa = PBXProject;
			attributes = {
				LastUpgradeCheck = 0940;
				ORGANIZATIONNAME = "Dominic Loftus";
				TargetAttributes = {
					2703A2E420EF090600C8B1FF = {
						CreatedOnToolsVersion = 9.4.1;
					};
				};
			};
			buildConfigurationList = 2703A2E020EF090600C8B1FF /* Build configuration list for PBXProject "Project1_32" */;
			compatibilityVersion = "Xcode 9.3";
			developmentRegion = en;
			hasScannedForEncodings = 0;
			knownRegions = (
				en,
			);
			mainGroup = 2703A2DC20EF090600C8B1FF;
			productRefGroup = 2703A2E620EF090600C8B1FF /* Products */;
			projectDirPath = "";
			projectRoot = "";
			targets = (
				2703A2E420EF090600C8B1FF /* Project1_32 */,
			);
		};
/* End PBXProject section */

/* Begin PBXSourcesBuildPhase section */
		2703A2E120EF090600C8B1FF /* Sources */ = {
			isa = PBXSourcesBuildPhase;
			buildActionMask = 2147483647;
			files = (
				2703A2F120EF092B00C8B1FF /* Robot.cpp in Sources */,
				2703A2F720EF096B00C8B1FF /* Past.cpp in Sources */,
				2703A2FA20EF097B00C8B1FF /* Arena.cpp in Sources */,
				2703A2FD20EF099100C8B1FF /* Game.cpp in Sources */,
				2703A2E920EF090600C8B1FF /* main.cpp in Sources */,
				2703A30020EF09B300C8B1FF /* utilities.cpp in Sources */,
				2703A2F420EF094500C8B1FF /* Player.cpp in Sources */,
			);
			runOnlyForDeploymentPostprocessing = 0;
		};
/* End PBXSourcesBuildPhase section */

/* Begin XCBuildConfiguration section */
		2703A2EA20EF090600C8B1FF /* Debug */ = {
			isa = XCBuildConfiguration;
			buildSettings = {
				ALWAYS_SEARCH_USER_PATHS = NO;
				CLANG_ANALYZER_NONNULL = YES;
				CLANG_ANALYZER_NUMBER_OBJECT_CONVERSION = YES_AGGRESSIVE;
				CLANG_CXX_LANGUAGE_STANDARD = "gnu++14";
				CLANG_CXX_LIBRARY = "libc++";
				CLANG_ENABLE_MODULES = YES;
				CLANG_ENABLE_OBJC_ARC = YES;
				CLANG_ENABLE_OBJC_WEAK = YES;
				CLANG_WARN_BLOCK_CAPTURE_AUTORELEASING = YES;
				CLANG_WARN_BOOL_CONVERSION = YES;
				CLANG_WARN_COMMA = YES;
				CLANG_WARN_CONSTANT_CONVERSION = YES;
				CLANG_WARN_DEPRECATED_OBJC_IMPLEMENTATIONS = YES;
				CLANG_WARN_DIRECT_OBJC_ISA_USAGE = YES_ERROR;
				CLANG_WARN_DOCUMENTATION_COMMENTS = YES;
				CLANG_WARN_EMPTY_BODY = YES;
				CLANG_WARN_ENUM_CONVERSION = YES;
				CLANG_WARN_INFINITE_RECURSION = YES;
				CLANG_WARN_INT_CONVERSION = YES;
				CLANG_WARN_NON_LITERAL_NULL_CONVERSION = YES;
				CLANG_WARN_OBJC_IMPLICIT_RETAIN_SELF = YES;
				CLANG_WARN_OBJC_LITERAL_CONVERSION = YES;
				CLANG_WARN_OBJC_ROOT_CLASS = YES_ERROR;
				CLANG_WARN_RANGE_LOOP_ANALYSIS = YES;
				CLANG_WARN_STRICT_PROTOTYPES = YES;
				CLANG_WARN_SUSPICIOUS_MOVE = YES;
				CLANG_WARN_UNGUARDED_AVAILABILITY = YES_AGGRESSIVE;
				CLANG_WARN_UNREACHABLE_CODE = YES;
				CLANG_WARN__DUPLICATE_METHOD_MATCH = YES;
				CODE_SIGN_IDENTITY = "-";
				COPY_PHASE_STRIP = NO;
				DEBUG_INFORMATION_FORMAT = dwarf;
				ENABLE_STRICT_OBJC_MSGSEND = YES;
				ENABLE_TESTABILITY = YES;
				GCC_C_LANGUAGE_STANDARD = gnu11;
				GCC_DYNAMIC_NO_PIC = NO;
				GCC_NO_COMMON_BLOCKS = YES;
				GCC_OPTIMIZATION_LEVEL = 0;
				GCC_PREPROCESSOR_DEFINITIONS = (
					"DEBUG=1",
					"$(inherited)",
				);
				GCC_WARN_64_TO_32_BIT_CONVERSION = YES;
				GCC_WARN_ABOUT_RETURN_TYPE = YES_ERROR;
				GCC_WARN_UNDECLARED_SELECTOR = YES;
				GCC_WARN_UNINITIALIZED_AUTOS = YES_AGGRESSIVE;
				GCC_WARN_UNUSED_FUNCTION = YES;
				GCC_WARN_UNUSED_VARIABLE = YES;
				MACOSX_DEPLOYMENT_TARGET = 10.13;
				MTL_ENABLE_DEBUG_INFO = YES;
				ONLY_ACTIVE_ARCH = YES;
				SDKROOT = macosx;
			};
			name = Debug;
		};
		2703A2EB20EF090600C8B1FF /* Release */ = {
			isa = XCBuildConfiguration;
			buildSettings = {
				ALWAYS_SEARCH_USER_PATHS = NO;
				CLANG_ANALYZER_NONNULL = YES;
				CLANG_ANALYZER_NUMBER_OBJECT_CONVERSION = YES_AGGRESSIVE;
				CLANG_CXX_LANGUAGE_STANDARD = "gnu++14";
				CLANG_CXX_LIBRARY = "libc++";
				CLANG_ENABLE_MODULES = YES;
				CLANG_ENABLE_OBJC_ARC = YES;
				CLANG_ENABLE_OBJC_WEAK = YES;
				CLANG_WARN_BLOCK_CAPTURE_AUTORELEASING = YES;
				CLANG_WARN_BOOL_CONVERSION = YES;
				CLANG_WARN_COMMA = YES;
				CLANG_WARN_CONSTANT_CONVERSION = YES;
				CLANG_WARN_DEPRECATED_OBJC_IMPLEMENTATIONS = YES;
				CLANG_WARN_DIRECT_OBJC_ISA_USAGE = YES_ERROR;
				CLANG_WARN_DOCUMENTATION_COMMENTS = YES;
				CLANG_WARN_EMPTY_BODY = YES;
				CLANG_WARN_ENUM_CONVERSION = YES;
				CLANG_WARN_INFINITE_RECURSION = YES;
				CLANG_WARN_INT_CONVERSION = YES;
				CLANG_WARN_NON_LITERAL_NULL_CONVERSION = YES;
				CLANG_WARN_OBJC_IMPLICIT_RETAIN_SELF = YES;
				CLANG_WARN_OBJC_LITERAL_CONVERSION = YES;
				CLANG_WARN_OBJC_ROOT_CLASS = YES_ERROR;
				CLANG_WARN_RANGE_LOOP_ANALYSIS = YES;
				CLANG_WARN_STRICT_PROTOTYPES = YES;
				CLANG_WARN_SUSPICIOUS_MOVE = YES;
				CLANG_WARN_UNGUARDED_AVAILABILITY = YES_AGGRESSIVE;
				CLANG_WARN_UNREACHABLE_CODE = YES;
				CLANG_WARN__DUPLICATE_METHOD_MATCH = YES;
				CODE_SIGN_IDENTITY = "-";
				COPY_PHASE_STRIP = NO;
				DEBUG_INFORMATION_FORMAT = "dwarf-with-dsym";
				ENABLE_NS_ASSERTIONS = NO;
				ENABLE_STRICT_OBJC_MSGSEND = YES;
				GCC_C_LANGUAGE_STANDARD = gnu11;
				GCC_NO_COMMON_BLOCKS = YES;
				GCC_WARN_64_TO_32_BIT_CONVERSION = YES;
				GCC_WARN_ABOUT_RETURN_TYPE = YES_ERROR;
				GCC_WARN_UNDECLARED_SELECTOR = YES;
				GCC_WARN_UNINITIALIZED_AUTOS = YES_AGGRESSIVE;
				GCC_WARN_UNUSED_FUNCTION = YES;
				GCC_WARN_UNUSED_VARIABLE = YES;
				MACOSX_DEPLOYMENT_TARGET = 10.13;
				MTL_ENABLE_DEBUG_INFO = NO;
				SDKROOT = macosx;
			};
			name = Release;
		};
		2703A2ED20EF090600C8B1FF /* Debug */ = {
			isa = XCBuildConfiguration;
			buildSettings = {
				CODE_SIGN_STYLE = Automatic;
				PRODUCT_NAME = "$(TARGET_NAME)";
			};
			name = Debug;
		};
		2703A2EE20EF090600C8B1FF /* Release */ = {
			isa = XCBuildConfiguration;
			buildSettings = {
				CODE_SIGN_STYLE = Automatic;
				PRODUCT_NAME = "$(TARGET_NAME)";
			};
			name = Release;
		};
/* End XCBuildConfiguration section */

/* Begin XCConfigurationList section */
		2703A2E020EF090600C8B1FF /* Build configuration list for PBXProject "Project1_32" */ = {
			isa = XCConfigurationList;
			buildConfigurations = (
				2703A2EA20EF090600C8B1FF /* Debug */,
				2703A2EB20EF090600C8B1FF /* Release */,
			);
			defaultConfigurationIsVisible = 0;
			defaultConfigurationName = Release;
		};
		2703A2EC20EF090600C8B1FF /* Build configuration list for PBXNativeTarget "Project1_32" */ = {
			isa = XCConfigurationList;
			buildConfigurations = (
				2703A2ED20EF090600C8B1FF /* Debug */,
				2703A2EE20EF090600C8B1FF /* Release */,
			);
			defaultConfigurationIsVisible = 0;
			defaultConfigurationName = Release;
		};
/* End XCConfigurationList section */
	};
	rootObject = 2703A2DD20EF090600C8B1FF /* Project object */;
}
